
Microsoft Visual Studio Solution File, Format Version 12.00
# Visual Studio Version 16
VisualStudioVersion = 16.0.29424.173
MinimumVisualStudioVersion = 10.0.40219.1
Project("{9A19103F-16F7-4668-BE54-9A1E7A4F7556}") = "CursoBlazor.Server", "CursoBlazor\Server\CursoBlazor.Server.csproj", "{273EDBD6-9C04-416C-957E-80025BBC6E30}"
EndProject
Project("{9A19103F-16F7-4668-BE54-9A1E7A4F7556}") = "CursoBlazor.Client", "CursoBlazor\Client\CursoBlazor.Client.csproj", "{7071665C-4CCA-4590-8A48-7F13B6FB2164}"
EndProject
Project("{9A19103F-16F7-4668-BE54-9A1E7A4F7556}") = "CursoBlazor.Shared", "CursoBlazor\Shared\CursoBlazor.Shared.csproj", "{33EA55B3-1F49-4831-BB26-AEC0C189CC29}"
EndProject
Global
	GlobalSection(SolutionConfigurationPlatforms) = preSolution
		Debug|Any CPU = Debug|Any CPU
		Release|Any CPU = Release|Any CPU
	EndGlobalSection
	GlobalSection(ProjectConfigurationPlatforms) = postSolution
		{273EDBD6-9C04-416C-957E-80025BBC6E30}.Debug|Any CPU.ActiveCfg = Debug|Any CPU
		{273EDBD6-9C04-416C-957E-80025BBC6E30}.Debug|Any CPU.Build.0 = Debug|Any CPU
		{273EDBD6-9C04-416C-957E-80025BBC6E30}.Release|Any CPU.ActiveCfg = Release|Any CPU
		{273EDBD6-9C04-416C-957E-80025BBC6E30}.Release|Any CPU.Build.0 = Release|Any CPU
		{7071665C-4CCA-4590-8A48-7F13B6FB2164}.Debug|Any CPU.ActiveCfg = Debug|Any CPU
		{7071665C-4CCA-4590-8A48-7F13B6FB2164}.Debug|Any CPU.Build.0 = Debug|Any CPU
		{7071665C-4CCA-4590-8A48-7F13B6FB2164}.Release|Any CPU.ActiveCfg = Release|Any CPU
		{7071665C-4CCA-4590-8A48-7F13B6FB2164}.Release|Any CPU.Build.0 = Release|Any CPU
		{33EA55B3-1F49-4831-BB26-AEC0C189CC29}.Debug|Any CPU.ActiveCfg = Debug|Any CPU
		{33EA55B3-1F49-4831-BB26-AEC0C189CC29}.Debug|Any CPU.Build.0 = Debug|Any CPU
		{33EA55B3-1F49-4831-BB26-AEC0C189CC29}.Release|Any CPU.ActiveCfg = Release|Any CPU
		{33EA55B3-1F49-4831-BB26-AEC0C189CC29}.Release|Any CPU.Build.0 = Release|Any CPU
	EndGlobalSection
	GlobalSection(SolutionProperties) = preSolution
		HideSolutionNode = FALSE
	EndGlobalSection
	GlobalSection(ExtensibilityGlobals) = postSolution
		SolutionGuid = {D1439B2B-2B1B-4504-AA83-59F3F4956EFB}
	EndGlobalSection
EndGlobal
